
Microsoft Visual Studio Solution File, Format Version 12.00
# Visual Studio Version 16
VisualStudioVersion = 16.0.29418.71
MinimumVisualStudioVersion = 10.0.40219.1
Project("{FAE04EC0-301F-11D3-BF4B-00C04F79EFBC}") = "AddressBook", "AddressBook\AddressBook.csproj", "{1B4D9012-11AB-40BE-B27A-79865895828A}"
EndProject
Project("{FAE04EC0-301F-11D3-BF4B-00C04F79EFBC}") = "AddressBook.Domain", "AddressBook.Domain\AddressBook.Domain.csproj", "{227C44A3-B375-4CDD-850D-95938C9532B5}"
EndProject
Project("{FAE04EC0-301F-11D3-BF4B-00C04F79EFBC}") = "AddressBook.Domain.Tests", "AddressBook.Domain.Tests\AddressBook.Domain.Tests.csproj", "{D1DF57D3-89DD-4E18-AFB0-E7402D1FFFCD}"
EndProject
Global
	GlobalSection(SolutionConfigurationPlatforms) = preSolution
		Debug|Any CPU = Debug|Any CPU
		Release|Any CPU = Release|Any CPU
	EndGlobalSection
	GlobalSection(ProjectConfigurationPlatforms) = postSolution
		{1B4D9012-11AB-40BE-B27A-79865895828A}.Debug|Any CPU.ActiveCfg = Debug|Any CPU
		{1B4D9012-11AB-40BE-B27A-79865895828A}.Debug|Any CPU.Build.0 = Debug|Any CPU
		{1B4D9012-11AB-40BE-B27A-79865895828A}.Release|Any CPU.ActiveCfg = Release|Any CPU
		{1B4D9012-11AB-40BE-B27A-79865895828A}.Release|Any CPU.Build.0 = Release|Any CPU
		{227C44A3-B375-4CDD-850D-95938C9532B5}.Debug|Any CPU.ActiveCfg = Debug|Any CPU
		{227C44A3-B375-4CDD-850D-95938C9532B5}.Debug|Any CPU.Build.0 = Debug|Any CPU
		{227C44A3-B375-4CDD-850D-95938C9532B5}.Release|Any CPU.ActiveCfg = Release|Any CPU
		{227C44A3-B375-4CDD-850D-95938C9532B5}.Release|Any CPU.Build.0 = Release|Any CPU
		{D1DF57D3-89DD-4E18-AFB0-E7402D1FFFCD}.Debug|Any CPU.ActiveCfg = Debug|Any CPU
		{D1DF57D3-89DD-4E18-AFB0-E7402D1FFFCD}.Debug|Any CPU.Build.0 = Debug|Any CPU
		{D1DF57D3-89DD-4E18-AFB0-E7402D1FFFCD}.Release|Any CPU.ActiveCfg = Release|Any CPU
		{D1DF57D3-89DD-4E18-AFB0-E7402D1FFFCD}.Release|Any CPU.Build.0 = Release|Any CPU
	EndGlobalSection
	GlobalSection(SolutionProperties) = preSolution
		HideSolutionNode = FALSE
	EndGlobalSection
	GlobalSection(ExtensibilityGlobals) = postSolution
		SolutionGuid = {4CA0C33D-C8D6-4B67-906A-7005ACF65D5B}
	EndGlobalSection
EndGlobal
